// !$*UTF8*$!
{
	archiveVersion = 1;
	classes = {
	};
	objectVersion = 56;
	objects = {

/* Begin PBXBuildFile section */
		A13E901C2A01574600A71B7D /* Quick in Frameworks */ = {isa = PBXBuildFile; productRef = A13E901B2A01574600A71B7D /* Quick */; };
		A13E901F2A01576200A71B7D /* ComposableArchitecture in Frameworks */ = {isa = PBXBuildFile; productRef = A13E901E2A01576200A71B7D /* ComposableArchitecture */; };
		A13E90242A0157D300A71B7D /* Record.swift in Sources */ = {isa = PBXBuildFile; fileRef = A13E90232A0157D300A71B7D /* Record.swift */; };
		A13E90282A0158A900A71B7D /* RecordServiceType.swift in Sources */ = {isa = PBXBuildFile; fileRef = A13E90272A0158A900A71B7D /* RecordServiceType.swift */; };
		A13E902A2A0158B200A71B7D /* RecordService.swift in Sources */ = {isa = PBXBuildFile; fileRef = A13E90292A0158B200A71B7D /* RecordService.swift */; };
		A13E902D2A01599200A71B7D /* GameFeature.swift in Sources */ = {isa = PBXBuildFile; fileRef = A13E902C2A01599200A71B7D /* GameFeature.swift */; };
		B2056E162A0122CA00E0E09C /* BullsEyeApp.swift in Sources */ = {isa = PBXBuildFile; fileRef = B2056E152A0122CA00E0E09C /* BullsEyeApp.swift */; };
		B2056E1A2A0122CB00E0E09C /* Assets.xcassets in Resources */ = {isa = PBXBuildFile; fileRef = B2056E192A0122CB00E0E09C /* Assets.xcassets */; };
		B2056E1D2A0122CB00E0E09C /* Preview Assets.xcassets in Resources */ = {isa = PBXBuildFile; fileRef = B2056E1C2A0122CB00E0E09C /* Preview Assets.xcassets */; };
		B2056E2A2A0122D900E0E09C /* BullsEyeTests.swift in Sources */ = {isa = PBXBuildFile; fileRef = B2056E292A0122D900E0E09C /* BullsEyeTests.swift */; };
		B21D07B22A022CED004A5B15 /* GameFeatureTests.swift in Sources */ = {isa = PBXBuildFile; fileRef = B21D07B12A022CED004A5B15 /* GameFeatureTests.swift */; };
		B2205B7F2A02041B00B70D42 /* GameView.swift in Sources */ = {isa = PBXBuildFile; fileRef = B2205B7E2A02041B00B70D42 /* GameView.swift */; };
		B280A8242A024A0500C2B5C4 /* RecordFeatureTests.swift in Sources */ = {isa = PBXBuildFile; fileRef = B280A8232A024A0500C2B5C4 /* RecordFeatureTests.swift */; };
		B280A8272A024E4C00C2B5C4 /* RecordFeature.swift in Sources */ = {isa = PBXBuildFile; fileRef = B280A8262A024E4C00C2B5C4 /* RecordFeature.swift */; };
		B280A8292A024F0A00C2B5C4 /* RecordView.swift in Sources */ = {isa = PBXBuildFile; fileRef = B280A8282A024F0A00C2B5C4 /* RecordView.swift */; };
/* End PBXBuildFile section */

/* Begin PBXContainerItemProxy section */
		B2056E2B2A0122D900E0E09C /* PBXContainerItemProxy */ = {
			isa = PBXContainerItemProxy;
			containerPortal = B2056E0A2A0122CA00E0E09C /* Project object */;
			proxyType = 1;
			remoteGlobalIDString = B2056E112A0122CA00E0E09C;
			remoteInfo = BullsEye;
		};
/* End PBXContainerItemProxy section */

/* Begin PBXFileReference section */
		A13E90192A01551700A71B7D /* BullsEye.xctestplan */ = {isa = PBXFileReference; lastKnownFileType = text; path = BullsEye.xctestplan; sourceTree = "<group>"; };
		A13E90232A0157D300A71B7D /* Record.swift */ = {isa = PBXFileReference; lastKnownFileType = sourcecode.swift; path = Record.swift; sourceTree = "<group>"; };
		A13E90272A0158A900A71B7D /* RecordServiceType.swift */ = {isa = PBXFileReference; lastKnownFileType = sourcecode.swift; path = RecordServiceType.swift; sourceTree = "<group>"; };
		A13E90292A0158B200A71B7D /* RecordService.swift */ = {isa = PBXFileReference; lastKnownFileType = sourcecode.swift; path = RecordService.swift; sourceTree = "<group>"; };
		A13E902C2A01599200A71B7D /* GameFeature.swift */ = {isa = PBXFileReference; lastKnownFileType = sourcecode.swift; path = GameFeature.swift; sourceTree = "<group>"; };
		B2056E122A0122CA00E0E09C /* BullsEye.app */ = {isa = PBXFileReference; explicitFileType = wrapper.application; includeInIndex = 0; path = BullsEye.app; sourceTree = BUILT_PRODUCTS_DIR; };
		B2056E152A0122CA00E0E09C /* BullsEyeApp.swift */ = {isa = PBXFileReference; lastKnownFileType = sourcecode.swift; path = BullsEyeApp.swift; sourceTree = "<group>"; };
		B2056E192A0122CB00E0E09C /* Assets.xcassets */ = {isa = PBXFileReference; lastKnownFileType = folder.assetcatalog; path = Assets.xcassets; sourceTree = "<group>"; };
		B2056E1C2A0122CB00E0E09C /* Preview Assets.xcassets */ = {isa = PBXFileReference; lastKnownFileType = folder.assetcatalog; path = "Preview Assets.xcassets"; sourceTree = "<group>"; };
		B2056E272A0122D900E0E09C /* BullsEyeTests.xctest */ = {isa = PBXFileReference; explicitFileType = wrapper.cfbundle; includeInIndex = 0; path = BullsEyeTests.xctest; sourceTree = BUILT_PRODUCTS_DIR; };
		B2056E292A0122D900E0E09C /* BullsEyeTests.swift */ = {isa = PBXFileReference; lastKnownFileType = sourcecode.swift; path = BullsEyeTests.swift; sourceTree = "<group>"; };
		B21D07B12A022CED004A5B15 /* GameFeatureTests.swift */ = {isa = PBXFileReference; lastKnownFileType = sourcecode.swift; path = GameFeatureTests.swift; sourceTree = "<group>"; };
		B2205B7E2A02041B00B70D42 /* GameView.swift */ = {isa = PBXFileReference; lastKnownFileType = sourcecode.swift; path = GameView.swift; sourceTree = "<group>"; };
		B280A8232A024A0500C2B5C4 /* RecordFeatureTests.swift */ = {isa = PBXFileReference; lastKnownFileType = sourcecode.swift; path = RecordFeatureTests.swift; sourceTree = "<group>"; };
		B280A8262A024E4C00C2B5C4 /* RecordFeature.swift */ = {isa = PBXFileReference; lastKnownFileType = sourcecode.swift; path = RecordFeature.swift; sourceTree = "<group>"; };
		B280A8282A024F0A00C2B5C4 /* RecordView.swift */ = {isa = PBXFileReference; lastKnownFileType = sourcecode.swift; path = RecordView.swift; sourceTree = "<group>"; };
/* End PBXFileReference section */

/* Begin PBXFrameworksBuildPhase section */
		B2056E0F2A0122CA00E0E09C /* Frameworks */ = {
			isa = PBXFrameworksBuildPhase;
			buildActionMask = 2147483647;
			files = (
				A13E901F2A01576200A71B7D /* ComposableArchitecture in Frameworks */,
			);
			runOnlyForDeploymentPostprocessing = 0;
		};
		B2056E242A0122D900E0E09C /* Frameworks */ = {
			isa = PBXFrameworksBuildPhase;
			buildActionMask = 2147483647;
			files = (
				A13E901C2A01574600A71B7D /* Quick in Frameworks */,
			);
			runOnlyForDeploymentPostprocessing = 0;
		};
/* End PBXFrameworksBuildPhase section */

/* Begin PBXGroup section */
		A13E90222A0157CA00A71B7D /* Model */ = {
			isa = PBXGroup;
			children = (
				A13E90232A0157D300A71B7D /* Record.swift */,
			);
			path = Model;
			sourceTree = "<group>";
		};
		A13E90252A01581C00A71B7D /* Services */ = {
			isa = PBXGroup;
			children = (
				A13E90262A01582100A71B7D /* RecordServices */,
			);
			path = Services;
			sourceTree = "<group>";
		};
		A13E90262A01582100A71B7D /* RecordServices */ = {
			isa = PBXGroup;
			children = (
				A13E90272A0158A900A71B7D /* RecordServiceType.swift */,
				A13E90292A0158B200A71B7D /* RecordService.swift */,
			);
			path = RecordServices;
			sourceTree = "<group>";
		};
		A13E902B2A01598300A71B7D /* Game */ = {
			isa = PBXGroup;
			children = (
				A13E902C2A01599200A71B7D /* GameFeature.swift */,
				B2205B7E2A02041B00B70D42 /* GameView.swift */,
			);
			path = Game;
			sourceTree = "<group>";
		};
		B2056E092A0122CA00E0E09C = {
			isa = PBXGroup;
			children = (
				A13E90192A01551700A71B7D /* BullsEye.xctestplan */,
				B2056E142A0122CA00E0E09C /* BullsEye */,
				B2056E282A0122D900E0E09C /* BullsEyeTests */,
				B2056E132A0122CA00E0E09C /* Products */,
			);
			sourceTree = "<group>";
		};
		B2056E132A0122CA00E0E09C /* Products */ = {
			isa = PBXGroup;
			children = (
				B2056E122A0122CA00E0E09C /* BullsEye.app */,
				B2056E272A0122D900E0E09C /* BullsEyeTests.xctest */,
			);
			name = Products;
			sourceTree = "<group>";
		};
		B2056E142A0122CA00E0E09C /* BullsEye */ = {
			isa = PBXGroup;
			children = (
				B2056E302A01230700E0E09C /* App */,
				B2056E322A01230E00E0E09C /* Sources */,
				B2056E312A01230A00E0E09C /* Resources */,
			);
			path = BullsEye;
			sourceTree = "<group>";
		};
		B2056E1B2A0122CB00E0E09C /* Preview Content */ = {
			isa = PBXGroup;
			children = (
				B2056E1C2A0122CB00E0E09C /* Preview Assets.xcassets */,
			);
			path = "Preview Content";
			sourceTree = "<group>";
		};
		B2056E282A0122D900E0E09C /* BullsEyeTests */ = {
			isa = PBXGroup;
			children = (
				B2056E292A0122D900E0E09C /* BullsEyeTests.swift */,
				B21D07B12A022CED004A5B15 /* GameFeatureTests.swift */,
				B280A8232A024A0500C2B5C4 /* RecordFeatureTests.swift */,
			);
			path = BullsEyeTests;
			sourceTree = "<group>";
		};
		B2056E302A01230700E0E09C /* App */ = {
			isa = PBXGroup;
			children = (
				B2056E152A0122CA00E0E09C /* BullsEyeApp.swift */,
			);
			path = App;
			sourceTree = "<group>";
		};
		B2056E312A01230A00E0E09C /* Resources */ = {
			isa = PBXGroup;
			children = (
				B2056E192A0122CB00E0E09C /* Assets.xcassets */,
				B2056E1B2A0122CB00E0E09C /* Preview Content */,
			);
			path = Resources;
			sourceTree = "<group>";
		};
		B2056E322A01230E00E0E09C /* Sources */ = {
			isa = PBXGroup;
			children = (
				A13E90252A01581C00A71B7D /* Services */,
				B2056E332A01231B00E0E09C /* Features */,
				A13E90222A0157CA00A71B7D /* Model */,
			);
			path = Sources;
			sourceTree = "<group>";
		};
		B2056E332A01231B00E0E09C /* Features */ = {
			isa = PBXGroup;
			children = (
				A13E902B2A01598300A71B7D /* Game */,
				B280A8252A024E4200C2B5C4 /* Record */,
			);
			path = Features;
			sourceTree = "<group>";
		};
		B280A8252A024E4200C2B5C4 /* Record */ = {
			isa = PBXGroup;
			children = (
				B280A8262A024E4C00C2B5C4 /* RecordFeature.swift */,
				B280A8282A024F0A00C2B5C4 /* RecordView.swift */,
			);
			path = Record;
			sourceTree = "<group>";
		};
/* End PBXGroup section */

/* Begin PBXNativeTarget section */
		B2056E112A0122CA00E0E09C /* BullsEye */ = {
			isa = PBXNativeTarget;
			buildConfigurationList = B2056E202A0122CB00E0E09C /* Build configuration list for PBXNativeTarget "BullsEye" */;
			buildPhases = (
				B2056E0E2A0122CA00E0E09C /* Sources */,
				B2056E0F2A0122CA00E0E09C /* Frameworks */,
				B2056E102A0122CA00E0E09C /* Resources */,
			);
			buildRules = (
			);
			dependencies = (
			);
			name = BullsEye;
			packageProductDependencies = (
				A13E901E2A01576200A71B7D /* ComposableArchitecture */,
			);
			productName = BullsEye;
			productReference = B2056E122A0122CA00E0E09C /* BullsEye.app */;
			productType = "com.apple.product-type.application";
		};
		B2056E262A0122D900E0E09C /* BullsEyeTests */ = {
			isa = PBXNativeTarget;
			buildConfigurationList = B2056E2D2A0122D900E0E09C /* Build configuration list for PBXNativeTarget "BullsEyeTests" */;
			buildPhases = (
				B2056E232A0122D900E0E09C /* Sources */,
				B2056E242A0122D900E0E09C /* Frameworks */,
				B2056E252A0122D900E0E09C /* Resources */,
			);
			buildRules = (
			);
			dependencies = (
				B2056E2C2A0122D900E0E09C /* PBXTargetDependency */,
			);
			name = BullsEyeTests;
			packageProductDependencies = (
				A13E901B2A01574600A71B7D /* Quick */,
			);
			productName = BullsEyeTests;
			productReference = B2056E272A0122D900E0E09C /* BullsEyeTests.xctest */;
			productType = "com.apple.product-type.bundle.unit-test";
		};
/* End PBXNativeTarget section */

/* Begin PBXProject section */
		B2056E0A2A0122CA00E0E09C /* Project object */ = {
			isa = PBXProject;
			attributes = {
				BuildIndependentTargetsInParallel = 1;
				LastSwiftUpdateCheck = 1430;
				LastUpgradeCheck = 1430;
				TargetAttributes = {
					B2056E112A0122CA00E0E09C = {
						CreatedOnToolsVersion = 14.3;
					};
					B2056E262A0122D900E0E09C = {
						CreatedOnToolsVersion = 14.3;
						TestTargetID = B2056E112A0122CA00E0E09C;
					};
				};
			};
			buildConfigurationList = B2056E0D2A0122CA00E0E09C /* Build configuration list for PBXProject "BullsEye" */;
			compatibilityVersion = "Xcode 14.0";
			developmentRegion = en;
			hasScannedForEncodings = 0;
			knownRegions = (
				en,
				Base,
			);
			mainGroup = B2056E092A0122CA00E0E09C;
			packageReferences = (
				A13E901A2A01574600A71B7D /* XCRemoteSwiftPackageReference "Quick" */,
				A13E901D2A01576200A71B7D /* XCRemoteSwiftPackageReference "swift-composable-architecture" */,
			);
			productRefGroup = B2056E132A0122CA00E0E09C /* Products */;
			projectDirPath = "";
			projectRoot = "";
			targets = (
				B2056E112A0122CA00E0E09C /* BullsEye */,
				B2056E262A0122D900E0E09C /* BullsEyeTests */,
			);
		};
/* End PBXProject section */

/* Begin PBXResourcesBuildPhase section */
		B2056E102A0122CA00E0E09C /* Resources */ = {
			isa = PBXResourcesBuildPhase;
			buildActionMask = 2147483647;
			files = (
				B2056E1D2A0122CB00E0E09C /* Preview Assets.xcassets in Resources */,
				B2056E1A2A0122CB00E0E09C /* Assets.xcassets in Resources */,
			);
			runOnlyForDeploymentPostprocessing = 0;
		};
		B2056E252A0122D900E0E09C /* Resources */ = {
			isa = PBXResourcesBuildPhase;
			buildActionMask = 2147483647;
			files = (
			);
			runOnlyForDeploymentPostprocessing = 0;
		};
/* End PBXResourcesBuildPhase section */

/* Begin PBXSourcesBuildPhase section */
		B2056E0E2A0122CA00E0E09C /* Sources */ = {
			isa = PBXSourcesBuildPhase;
			buildActionMask = 2147483647;
			files = (
				A13E902D2A01599200A71B7D /* GameFeature.swift in Sources */,
				A13E90282A0158A900A71B7D /* RecordServiceType.swift in Sources */,
				B280A8272A024E4C00C2B5C4 /* RecordFeature.swift in Sources */,
				B2056E162A0122CA00E0E09C /* BullsEyeApp.swift in Sources */,
				A13E90242A0157D300A71B7D /* Record.swift in Sources */,
				B280A8292A024F0A00C2B5C4 /* RecordView.swift in Sources */,
				A13E902A2A0158B200A71B7D /* RecordService.swift in Sources */,
				B2205B7F2A02041B00B70D42 /* GameView.swift in Sources */,
			);
			runOnlyForDeploymentPostprocessing = 0;
		};
		B2056E232A0122D900E0E09C /* Sources */ = {
			isa = PBXSourcesBuildPhase;
			buildActionMask = 2147483647;
			files = (
				B280A8242A024A0500C2B5C4 /* RecordFeatureTests.swift in Sources */,
				B21D07B22A022CED004A5B15 /* GameFeatureTests.swift in Sources */,
				B2056E2A2A0122D900E0E09C /* BullsEyeTests.swift in Sources */,
			);
			runOnlyForDeploymentPostprocessing = 0;
		};
/* End PBXSourcesBuildPhase section */

/* Begin PBXTargetDependency section */
		B2056E2C2A0122D900E0E09C /* PBXTargetDependency */ = {
			isa = PBXTargetDependency;
			target = B2056E112A0122CA00E0E09C /* BullsEye */;
			targetProxy = B2056E2B2A0122D900E0E09C /* PBXContainerItemProxy */;
		};
/* End PBXTargetDependency section */

/* Begin XCBuildConfiguration section */
		B2056E1E2A0122CB00E0E09C /* Debug */ = {
			isa = XCBuildConfiguration;
			buildSettings = {
				ALWAYS_SEARCH_USER_PATHS = NO;
				CLANG_ANALYZER_NONNULL = YES;
				CLANG_ANALYZER_NUMBER_OBJECT_CONVERSION = YES_AGGRESSIVE;
				CLANG_CXX_LANGUAGE_STANDARD = "gnu++20";
				CLANG_ENABLE_MODULES = YES;
				CLANG_ENABLE_OBJC_ARC = YES;
				CLANG_ENABLE_OBJC_WEAK = YES;
				CLANG_WARN_BLOCK_CAPTURE_AUTORELEASING = YES;
				CLANG_WARN_BOOL_CONVERSION = YES;
				CLANG_WARN_COMMA = YES;
				CLANG_WARN_CONSTANT_CONVERSION = YES;
				CLANG_WARN_DEPRECATED_OBJC_IMPLEMENTATIONS = YES;
				CLANG_WARN_DIRECT_OBJC_ISA_USAGE = YES_ERROR;
				CLANG_WARN_DOCUMENTATION_COMMENTS = YES;
				CLANG_WARN_EMPTY_BODY = YES;
				CLANG_WARN_ENUM_CONVERSION = YES;
				CLANG_WARN_INFINITE_RECURSION = YES;
				CLANG_WARN_INT_CONVERSION = YES;
				CLANG_WARN_NON_LITERAL_NULL_CONVERSION = YES;
				CLANG_WARN_OBJC_IMPLICIT_RETAIN_SELF = YES;
				CLANG_WARN_OBJC_LITERAL_CONVERSION = YES;
				CLANG_WARN_OBJC_ROOT_CLASS = YES_ERROR;
				CLANG_WARN_QUOTED_INCLUDE_IN_FRAMEWORK_HEADER = YES;
				CLANG_WARN_RANGE_LOOP_ANALYSIS = YES;
				CLANG_WARN_STRICT_PROTOTYPES = YES;
				CLANG_WARN_SUSPICIOUS_MOVE = YES;
				CLANG_WARN_UNGUARDED_AVAILABILITY = YES_AGGRESSIVE;
				CLANG_WARN_UNREACHABLE_CODE = YES;
				CLANG_WARN__DUPLICATE_METHOD_MATCH = YES;
				COPY_PHASE_STRIP = NO;
				DEBUG_INFORMATION_FORMAT = dwarf;
				ENABLE_STRICT_OBJC_MSGSEND = YES;
				ENABLE_TESTABILITY = YES;
				GCC_C_LANGUAGE_STANDARD = gnu11;
				GCC_DYNAMIC_NO_PIC = NO;
				GCC_NO_COMMON_BLOCKS = YES;
				GCC_OPTIMIZATION_LEVEL = 0;
				GCC_PREPROCESSOR_DEFINITIONS = (
					"DEBUG=1",
					"$(inherited)",
				);
				GCC_WARN_64_TO_32_BIT_CONVERSION = YES;
				GCC_WARN_ABOUT_RETURN_TYPE = YES_ERROR;
				GCC_WARN_UNDECLARED_SELECTOR = YES;
				GCC_WARN_UNINITIALIZED_AUTOS = YES_AGGRESSIVE;
				GCC_WARN_UNUSED_FUNCTION = YES;
				GCC_WARN_UNUSED_VARIABLE = YES;
				IPHONEOS_DEPLOYMENT_TARGET = 15.0;
				MTL_ENABLE_DEBUG_INFO = INCLUDE_SOURCE;
				MTL_FAST_MATH = YES;
				ONLY_ACTIVE_ARCH = YES;
				SDKROOT = iphoneos;
				SWIFT_ACTIVE_COMPILATION_CONDITIONS = DEBUG;
				SWIFT_OPTIMIZATION_LEVEL = "-Onone";
			};
			name = Debug;
		};
		B2056E1F2A0122CB00E0E09C /* Release */ = {
			isa = XCBuildConfiguration;
			buildSettings = {
				ALWAYS_SEARCH_USER_PATHS = NO;
				CLANG_ANALYZER_NONNULL = YES;
				CLANG_ANALYZER_NUMBER_OBJECT_CONVERSION = YES_AGGRESSIVE;
				CLANG_CXX_LANGUAGE_STANDARD = "gnu++20";
				CLANG_ENABLE_MODULES = YES;
				CLANG_ENABLE_OBJC_ARC = YES;
				CLANG_ENABLE_OBJC_WEAK = YES;
				CLANG_WARN_BLOCK_CAPTURE_AUTORELEASING = YES;
				CLANG_WARN_BOOL_CONVERSION = YES;
				CLANG_WARN_COMMA = YES;
				CLANG_WARN_CONSTANT_CONVERSION = YES;
				CLANG_WARN_DEPRECATED_OBJC_IMPLEMENTATIONS = YES;
				CLANG_WARN_DIRECT_OBJC_ISA_USAGE = YES_ERROR;
				CLANG_WARN_DOCUMENTATION_COMMENTS = YES;
				CLANG_WARN_EMPTY_BODY = YES;
				CLANG_WARN_ENUM_CONVERSION = YES;
				CLANG_WARN_INFINITE_RECURSION = YES;
				CLANG_WARN_INT_CONVERSION = YES;
				CLANG_WARN_NON_LITERAL_NULL_CONVERSION = YES;
				CLANG_WARN_OBJC_IMPLICIT_RETAIN_SELF = YES;
				CLANG_WARN_OBJC_LITERAL_CONVERSION = YES;
				CLANG_WARN_OBJC_ROOT_CLASS = YES_ERROR;
				CLANG_WARN_QUOTED_INCLUDE_IN_FRAMEWORK_HEADER = YES;
				CLANG_WARN_RANGE_LOOP_ANALYSIS = YES;
				CLANG_WARN_STRICT_PROTOTYPES = YES;
				CLANG_WARN_SUSPICIOUS_MOVE = YES;
				CLANG_WARN_UNGUARDED_AVAILABILITY = YES_AGGRESSIVE;
				CLANG_WARN_UNREACHABLE_CODE = YES;
				CLANG_WARN__DUPLICATE_METHOD_MATCH = YES;
				COPY_PHASE_STRIP = NO;
				DEBUG_INFORMATION_FORMAT = "dwarf-with-dsym";
				ENABLE_NS_ASSERTIONS = NO;
				ENABLE_STRICT_OBJC_MSGSEND = YES;
				GCC_C_LANGUAGE_STANDARD = gnu11;
				GCC_NO_COMMON_BLOCKS = YES;
				GCC_WARN_64_TO_32_BIT_CONVERSION = YES;
				GCC_WARN_ABOUT_RETURN_TYPE = YES_ERROR;
				GCC_WARN_UNDECLARED_SELECTOR = YES;
				GCC_WARN_UNINITIALIZED_AUTOS = YES_AGGRESSIVE;
				GCC_WARN_UNUSED_FUNCTION = YES;
				GCC_WARN_UNUSED_VARIABLE = YES;
				IPHONEOS_DEPLOYMENT_TARGET = 15.0;
				MTL_ENABLE_DEBUG_INFO = NO;
				MTL_FAST_MATH = YES;
				SDKROOT = iphoneos;
				SWIFT_COMPILATION_MODE = wholemodule;
				SWIFT_OPTIMIZATION_LEVEL = "-O";
				VALIDATE_PRODUCT = YES;
			};
			name = Release;
		};
		B2056E212A0122CB00E0E09C /* Debug */ = {
			isa = XCBuildConfiguration;
			buildSettings = {
				ASSETCATALOG_COMPILER_APPICON_NAME = AppIcon;
				ASSETCATALOG_COMPILER_GLOBAL_ACCENT_COLOR_NAME = AccentColor;
				CODE_SIGN_STYLE = Automatic;
				CURRENT_PROJECT_VERSION = 1;
				DEVELOPMENT_ASSET_PATHS = "\"BullsEye/Resources/Preview Content\"";
				ENABLE_PREVIEWS = YES;
				GENERATE_INFOPLIST_FILE = YES;
				INFOPLIST_KEY_UIApplicationSceneManifest_Generation = YES;
				INFOPLIST_KEY_UIApplicationSupportsIndirectInputEvents = YES;
				INFOPLIST_KEY_UILaunchScreen_Generation = YES;
				INFOPLIST_KEY_UISupportedInterfaceOrientations_iPad = "UIInterfaceOrientationPortrait UIInterfaceOrientationPortraitUpsideDown UIInterfaceOrientationLandscapeLeft UIInterfaceOrientationLandscapeRight";
				INFOPLIST_KEY_UISupportedInterfaceOrientations_iPhone = "UIInterfaceOrientationPortrait UIInterfaceOrientationLandscapeLeft UIInterfaceOrientationLandscapeRight";
				LD_RUNPATH_SEARCH_PATHS = (
					"$(inherited)",
					"@executable_path/Frameworks",
				);
				MARKETING_VERSION = 1.0;
				PRODUCT_BUNDLE_IDENTIFIER = io.github.lyfeoncloudnine.BullsEye;
				PRODUCT_NAME = "$(TARGET_NAME)";
				SWIFT_EMIT_LOC_STRINGS = YES;
				SWIFT_VERSION = 5.0;
				TARGETED_DEVICE_FAMILY = "1,2";
			};
			name = Debug;
		};
		B2056E222A0122CB00E0E09C /* Release */ = {
			isa = XCBuildConfiguration;
			buildSettings = {
				ASSETCATALOG_COMPILER_APPICON_NAME = AppIcon;
				ASSETCATALOG_COMPILER_GLOBAL_ACCENT_COLOR_NAME = AccentColor;
				CODE_SIGN_STYLE = Automatic;
				CURRENT_PROJECT_VERSION = 1;
				DEVELOPMENT_ASSET_PATHS = "\"BullsEye/Resources/Preview Content\"";
				ENABLE_PREVIEWS = YES;
				GENERATE_INFOPLIST_FILE = YES;
				INFOPLIST_KEY_UIApplicationSceneManifest_Generation = YES;
				INFOPLIST_KEY_UIApplicationSupportsIndirectInputEvents = YES;
				INFOPLIST_KEY_UILaunchScreen_Generation = YES;
				INFOPLIST_KEY_UISupportedInterfaceOrientations_iPad = "UIInterfaceOrientationPortrait UIInterfaceOrientationPortraitUpsideDown UIInterfaceOrientationLandscapeLeft UIInterfaceOrientationLandscapeRight";
				INFOPLIST_KEY_UISupportedInterfaceOrientations_iPhone = "UIInterfaceOrientationPortrait UIInterfaceOrientationLandscapeLeft UIInterfaceOrientationLandscapeRight";
				LD_RUNPATH_SEARCH_PATHS = (
					"$(inherited)",
					"@executable_path/Frameworks",
				);
				MARKETING_VERSION = 1.0;
				PRODUCT_BUNDLE_IDENTIFIER = io.github.lyfeoncloudnine.BullsEye;
				PRODUCT_NAME = "$(TARGET_NAME)";
				SWIFT_EMIT_LOC_STRINGS = YES;
				SWIFT_VERSION = 5.0;
				TARGETED_DEVICE_FAMILY = "1,2";
			};
			name = Release;
		};
		B2056E2E2A0122D900E0E09C /* Debug */ = {
			isa = XCBuildConfiguration;
			buildSettings = {
				BUNDLE_LOADER = "$(TEST_HOST)";
				CODE_SIGN_STYLE = Automatic;
				CURRENT_PROJECT_VERSION = 1;
				GENERATE_INFOPLIST_FILE = YES;
				MARKETING_VERSION = 1.0;
				PRODUCT_BUNDLE_IDENTIFIER = io.github.lyfeoncloudnine.BullsEyeTests;
				PRODUCT_NAME = "$(TARGET_NAME)";
				SWIFT_EMIT_LOC_STRINGS = NO;
				SWIFT_VERSION = 5.0;
				TARGETED_DEVICE_FAMILY = "1,2";
				TEST_HOST = "$(BUILT_PRODUCTS_DIR)/BullsEye.app/$(BUNDLE_EXECUTABLE_FOLDER_PATH)/BullsEye";
			};
			name = Debug;
		};
		B2056E2F2A0122D900E0E09C /* Release */ = {
			isa = XCBuildConfiguration;
			buildSettings = {
				BUNDLE_LOADER = "$(TEST_HOST)";
				CODE_SIGN_STYLE = Automatic;
				CURRENT_PROJECT_VERSION = 1;
				GENERATE_INFOPLIST_FILE = YES;
				MARKETING_VERSION = 1.0;
				PRODUCT_BUNDLE_IDENTIFIER = io.github.lyfeoncloudnine.BullsEyeTests;
				PRODUCT_NAME = "$(TARGET_NAME)";
				SWIFT_EMIT_LOC_STRINGS = NO;
				SWIFT_VERSION = 5.0;
				TARGETED_DEVICE_FAMILY = "1,2";
				TEST_HOST = "$(BUILT_PRODUCTS_DIR)/BullsEye.app/$(BUNDLE_EXECUTABLE_FOLDER_PATH)/BullsEye";
			};
			name = Release;
		};
/* End XCBuildConfiguration section */

/* Begin XCConfigurationList section */
		B2056E0D2A0122CA00E0E09C /* Build configuration list for PBXProject "BullsEye" */ = {
			isa = XCConfigurationList;
			buildConfigurations = (
				B2056E1E2A0122CB00E0E09C /* Debug */,
				B2056E1F2A0122CB00E0E09C /* Release */,
			);
			defaultConfigurationIsVisible = 0;
			defaultConfigurationName = Release;
		};
		B2056E202A0122CB00E0E09C /* Build configuration list for PBXNativeTarget "BullsEye" */ = {
			isa = XCConfigurationList;
			buildConfigurations = (
				B2056E212A0122CB00E0E09C /* Debug */,
				B2056E222A0122CB00E0E09C /* Release */,
			);
			defaultConfigurationIsVisible = 0;
			defaultConfigurationName = Release;
		};
		B2056E2D2A0122D900E0E09C /* Build configuration list for PBXNativeTarget "BullsEyeTests" */ = {
			isa = XCConfigurationList;
			buildConfigurations = (
				B2056E2E2A0122D900E0E09C /* Debug */,
				B2056E2F2A0122D900E0E09C /* Release */,
			);
			defaultConfigurationIsVisible = 0;
			defaultConfigurationName = Release;
		};
/* End XCConfigurationList section */

/* Begin XCRemoteSwiftPackageReference section */
		A13E901A2A01574600A71B7D /* XCRemoteSwiftPackageReference "Quick" */ = {
			isa = XCRemoteSwiftPackageReference;
			repositoryURL = "https://github.com/Quick/Quick";
			requirement = {
				kind = upToNextMajorVersion;
				minimumVersion = 6.1.0;
			};
		};
		A13E901D2A01576200A71B7D /* XCRemoteSwiftPackageReference "swift-composable-architecture" */ = {
			isa = XCRemoteSwiftPackageReference;
			repositoryURL = "https://github.com/pointfreeco/swift-composable-architecture";
			requirement = {
				kind = exactVersion;
				version = 0.52.0;
			};
		};
/* End XCRemoteSwiftPackageReference section */

/* Begin XCSwiftPackageProductDependency section */
		A13E901B2A01574600A71B7D /* Quick */ = {
			isa = XCSwiftPackageProductDependency;
			package = A13E901A2A01574600A71B7D /* XCRemoteSwiftPackageReference "Quick" */;
			productName = Quick;
		};
		A13E901E2A01576200A71B7D /* ComposableArchitecture */ = {
			isa = XCSwiftPackageProductDependency;
			package = A13E901D2A01576200A71B7D /* XCRemoteSwiftPackageReference "swift-composable-architecture" */;
			productName = ComposableArchitecture;
		};
/* End XCSwiftPackageProductDependency section */
	};
	rootObject = B2056E0A2A0122CA00E0E09C /* Project object */;
}
